
Microsoft Visual Studio Solution File, Format Version 12.00
# Visual Studio Version 17
VisualStudioVersion = 17.8.34408.163
MinimumVisualStudioVersion = 10.0.40219.1
Project("{FAE04EC0-301F-11D3-BF4B-00C04F79EFBC}") = "Komiksy", "Sklep_Komiksow\Komiksy.csproj", "{888AC5C1-2FC7-43E5-AEFB-6EFE8A12C8E0}"
EndProject
Project("{FAE04EC0-301F-11D3-BF4B-00C04F79EFBC}") = "Zadanie2", "Zadanie2\Zadanie2.csproj", "{03C7ED94-94CC-4EA7-8F79-29697555DD78}"
EndProject
Global
	GlobalSection(SolutionConfigurationPlatforms) = preSolution
		Debug|Any CPU = Debug|Any CPU
		Release|Any CPU = Release|Any CPU
	EndGlobalSection
	GlobalSection(ProjectConfigurationPlatforms) = postSolution
		{888AC5C1-2FC7-43E5-AEFB-6EFE8A12C8E0}.Debug|Any CPU.ActiveCfg = Debug|Any CPU
		{888AC5C1-2FC7-43E5-AEFB-6EFE8A12C8E0}.Debug|Any CPU.Build.0 = Debug|Any CPU
		{888AC5C1-2FC7-43E5-AEFB-6EFE8A12C8E0}.Release|Any CPU.ActiveCfg = Release|Any CPU
		{888AC5C1-2FC7-43E5-AEFB-6EFE8A12C8E0}.Release|Any CPU.Build.0 = Release|Any CPU
		{03C7ED94-94CC-4EA7-8F79-29697555DD78}.Debug|Any CPU.ActiveCfg = Debug|Any CPU
		{03C7ED94-94CC-4EA7-8F79-29697555DD78}.Debug|Any CPU.Build.0 = Debug|Any CPU
		{03C7ED94-94CC-4EA7-8F79-29697555DD78}.Release|Any CPU.ActiveCfg = Release|Any CPU
		{03C7ED94-94CC-4EA7-8F79-29697555DD78}.Release|Any CPU.Build.0 = Release|Any CPU
	EndGlobalSection
	GlobalSection(SolutionProperties) = preSolution
		HideSolutionNode = FALSE
	EndGlobalSection
	GlobalSection(ExtensibilityGlobals) = postSolution
		SolutionGuid = {B59CABA0-7A4D-4994-90F7-11FDFCE5C2F0}
	EndGlobalSection
EndGlobal
